
Microsoft Visual Studio Solution File, Format Version 12.00
# Visual Studio Version 17
VisualStudioVersion = 17.0.31919.166
MinimumVisualStudioVersion = 10.0.40219.1
Project("{9A19103F-16F7-4668-BE54-9A1E7A4F7556}") = "earworm", "earworm.csproj", "{2916DE16-A6A7-49A3-8CDA-906B85DB69D9}"
EndProject
Global
	GlobalSection(SolutionConfigurationPlatforms) = preSolution
		Debug|Any CPU = Debug|Any CPU
		Release|Any CPU = Release|Any CPU
	EndGlobalSection
	GlobalSection(ProjectConfigurationPlatforms) = postSolution
		{2916DE16-A6A7-49A3-8CDA-906B85DB69D9}.Debug|Any CPU.ActiveCfg = Debug|Any CPU
		{2916DE16-A6A7-49A3-8CDA-906B85DB69D9}.Debug|Any CPU.Build.0 = Debug|Any CPU
		{2916DE16-A6A7-49A3-8CDA-906B85DB69D9}.Release|Any CPU.ActiveCfg = Release|Any CPU
		{2916DE16-A6A7-49A3-8CDA-906B85DB69D9}.Release|Any CPU.Build.0 = Release|Any CPU
	EndGlobalSection
	GlobalSection(SolutionProperties) = preSolution
		HideSolutionNode = FALSE
	EndGlobalSection
	GlobalSection(ExtensibilityGlobals) = postSolution
		SolutionGuid = {B2EF4BC1-89F1-40E6-BFAA-006C7117FA87}
	EndGlobalSection
EndGlobal
